
Microsoft Visual Studio Solution File, Format Version 12.00
# Visual Studio 15
VisualStudioVersion = 15.0.26730.12
MinimumVisualStudioVersion = 10.0.40219.1
Project("{FAE04EC0-301F-11D3-BF4B-00C04F79EFBC}") = "ImageProcessing", "ImageProcessing\ImageProcessing.csproj", "{7BAFB313-7472-4B70-94E0-D217456D9252}"
EndProject
Project("{FAE04EC0-301F-11D3-BF4B-00C04F79EFBC}") = "ImageProcessingTestingApp", "ImageProcessingTestingApp\ImageProcessingTestingApp.csproj", "{7D4E4DA2-C177-40B5-B113-CACA4AAFE3CB}"
EndProject
Global
	GlobalSection(SolutionConfigurationPlatforms) = preSolution
		Debug|Any CPU = Debug|Any CPU
		Release|Any CPU = Release|Any CPU
	EndGlobalSection
	GlobalSection(ProjectConfigurationPlatforms) = postSolution
		{7BAFB313-7472-4B70-94E0-D217456D9252}.Debug|Any CPU.ActiveCfg = Debug|Any CPU
		{7BAFB313-7472-4B70-94E0-D217456D9252}.Debug|Any CPU.Build.0 = Debug|Any CPU
		{7BAFB313-7472-4B70-94E0-D217456D9252}.Release|Any CPU.ActiveCfg = Release|Any CPU
		{7BAFB313-7472-4B70-94E0-D217456D9252}.Release|Any CPU.Build.0 = Release|Any CPU
		{7D4E4DA2-C177-40B5-B113-CACA4AAFE3CB}.Debug|Any CPU.ActiveCfg = Debug|Any CPU
		{7D4E4DA2-C177-40B5-B113-CACA4AAFE3CB}.Debug|Any CPU.Build.0 = Debug|Any CPU
		{7D4E4DA2-C177-40B5-B113-CACA4AAFE3CB}.Release|Any CPU.ActiveCfg = Release|Any CPU
		{7D4E4DA2-C177-40B5-B113-CACA4AAFE3CB}.Release|Any CPU.Build.0 = Release|Any CPU
	EndGlobalSection
	GlobalSection(SolutionProperties) = preSolution
		HideSolutionNode = FALSE
	EndGlobalSection
	GlobalSection(ExtensibilityGlobals) = postSolution
		SolutionGuid = {EBFEC6D2-5569-49E3-8ECB-493930475D2A}
	EndGlobalSection
EndGlobal
